
Microsoft Visual Studio Solution File, Format Version 12.00
# Visual Studio 15
VisualStudioVersion = 15.0.27130.2027
MinimumVisualStudioVersion = 10.0.40219.1
Project("{FAE04EC0-301F-11D3-BF4B-00C04F79EFBC}") = "ChapterFourTutorial4-1", "ChapterFourTutorial4-1\ChapterFourTutorial4-1.csproj", "{2F8A1A7C-BBDB-4A14-A6AC-1F5E994F64D9}"
EndProject
Project("{FAE04EC0-301F-11D3-BF4B-00C04F79EFBC}") = "ChapterFourTutorial4-2", "ChapterFourTutorial4-2\ChapterFourTutorial4-2.csproj", "{69736689-EE79-411B-AE9C-94785CB3CE06}"
EndProject
Project("{FAE04EC0-301F-11D3-BF4B-00C04F79EFBC}") = "ChapterFourTutorial4-4", "ChapterFourTurorial4-4\ChapterFourTutorial4-4.csproj", "{151A07AA-F760-4A9D-A2F7-5D95F34FE551}"
EndProject
Project("{FAE04EC0-301F-11D3-BF4B-00C04F79EFBC}") = "ChapterFourTutorial4-5", "ChapterFourTutorial4-5\ChapterFourTutorial4-5.csproj", "{60364991-0D15-4B6A-95F1-BA7068463268}"
EndProject
Project("{FAE04EC0-301F-11D3-BF4B-00C04F79EFBC}") = "ChapterFourTutorial4-3a", "ChapterFourTutorial4-3a\ChapterFourTutorial4-3a.csproj", "{C92D9219-18F9-44B5-94DA-A475E164BBBF}"
EndProject
Global
	GlobalSection(SolutionConfigurationPlatforms) = preSolution
		Debug|Any CPU = Debug|Any CPU
		Release|Any CPU = Release|Any CPU
	EndGlobalSection
	GlobalSection(ProjectConfigurationPlatforms) = postSolution
		{2F8A1A7C-BBDB-4A14-A6AC-1F5E994F64D9}.Debug|Any CPU.ActiveCfg = Debug|Any CPU
		{2F8A1A7C-BBDB-4A14-A6AC-1F5E994F64D9}.Debug|Any CPU.Build.0 = Debug|Any CPU
		{2F8A1A7C-BBDB-4A14-A6AC-1F5E994F64D9}.Release|Any CPU.ActiveCfg = Release|Any CPU
		{2F8A1A7C-BBDB-4A14-A6AC-1F5E994F64D9}.Release|Any CPU.Build.0 = Release|Any CPU
		{69736689-EE79-411B-AE9C-94785CB3CE06}.Debug|Any CPU.ActiveCfg = Debug|Any CPU
		{69736689-EE79-411B-AE9C-94785CB3CE06}.Debug|Any CPU.Build.0 = Debug|Any CPU
		{69736689-EE79-411B-AE9C-94785CB3CE06}.Release|Any CPU.ActiveCfg = Release|Any CPU
		{69736689-EE79-411B-AE9C-94785CB3CE06}.Release|Any CPU.Build.0 = Release|Any CPU
		{151A07AA-F760-4A9D-A2F7-5D95F34FE551}.Debug|Any CPU.ActiveCfg = Debug|Any CPU
		{151A07AA-F760-4A9D-A2F7-5D95F34FE551}.Debug|Any CPU.Build.0 = Debug|Any CPU
		{151A07AA-F760-4A9D-A2F7-5D95F34FE551}.Release|Any CPU.ActiveCfg = Release|Any CPU
		{151A07AA-F760-4A9D-A2F7-5D95F34FE551}.Release|Any CPU.Build.0 = Release|Any CPU
		{60364991-0D15-4B6A-95F1-BA7068463268}.Debug|Any CPU.ActiveCfg = Debug|Any CPU
		{60364991-0D15-4B6A-95F1-BA7068463268}.Debug|Any CPU.Build.0 = Debug|Any CPU
		{60364991-0D15-4B6A-95F1-BA7068463268}.Release|Any CPU.ActiveCfg = Release|Any CPU
		{60364991-0D15-4B6A-95F1-BA7068463268}.Release|Any CPU.Build.0 = Release|Any CPU
		{C92D9219-18F9-44B5-94DA-A475E164BBBF}.Debug|Any CPU.ActiveCfg = Debug|Any CPU
		{C92D9219-18F9-44B5-94DA-A475E164BBBF}.Debug|Any CPU.Build.0 = Debug|Any CPU
		{C92D9219-18F9-44B5-94DA-A475E164BBBF}.Release|Any CPU.ActiveCfg = Release|Any CPU
		{C92D9219-18F9-44B5-94DA-A475E164BBBF}.Release|Any CPU.Build.0 = Release|Any CPU
	EndGlobalSection
	GlobalSection(SolutionProperties) = preSolution
		HideSolutionNode = FALSE
	EndGlobalSection
	GlobalSection(ExtensibilityGlobals) = postSolution
		SolutionGuid = {56A52F1C-2C71-47A4-B624-B2142CBE8596}
	EndGlobalSection
EndGlobal
